
Microsoft Visual Studio Solution File, Format Version 12.00
# Visual Studio 15
VisualStudioVersion = 15.0.28307.271
MinimumVisualStudioVersion = 10.0.40219.1
Project("{FAE04EC0-301F-11D3-BF4B-00C04F79EFBC}") = "DuplicateElimination", "P812\DuplicateElimination.csproj", "{1B5CBF89-8D2C-4CEB-926F-820D025E2405}"
EndProject
Project("{FAE04EC0-301F-11D3-BF4B-00C04F79EFBC}") = "AirlineReservations", "P819\AirlineReservations.csproj", "{F18E679E-A3A2-454C-B511-F8BB7AFFC6A0}"
EndProject
Project("{FAE04EC0-301F-11D3-BF4B-00C04F79EFBC}") = "TicTacToe", "P1010\TicTacToe.csproj", "{992CCFD5-6D29-4696-A59E-DA148B16E312}"
EndProject
Global
	GlobalSection(SolutionConfigurationPlatforms) = preSolution
		Debug|Any CPU = Debug|Any CPU
		Release|Any CPU = Release|Any CPU
	EndGlobalSection
	GlobalSection(ProjectConfigurationPlatforms) = postSolution
		{1B5CBF89-8D2C-4CEB-926F-820D025E2405}.Debug|Any CPU.ActiveCfg = Debug|Any CPU
		{1B5CBF89-8D2C-4CEB-926F-820D025E2405}.Debug|Any CPU.Build.0 = Debug|Any CPU
		{1B5CBF89-8D2C-4CEB-926F-820D025E2405}.Release|Any CPU.ActiveCfg = Release|Any CPU
		{1B5CBF89-8D2C-4CEB-926F-820D025E2405}.Release|Any CPU.Build.0 = Release|Any CPU
		{F18E679E-A3A2-454C-B511-F8BB7AFFC6A0}.Debug|Any CPU.ActiveCfg = Debug|Any CPU
		{F18E679E-A3A2-454C-B511-F8BB7AFFC6A0}.Debug|Any CPU.Build.0 = Debug|Any CPU
		{F18E679E-A3A2-454C-B511-F8BB7AFFC6A0}.Release|Any CPU.ActiveCfg = Release|Any CPU
		{F18E679E-A3A2-454C-B511-F8BB7AFFC6A0}.Release|Any CPU.Build.0 = Release|Any CPU
		{992CCFD5-6D29-4696-A59E-DA148B16E312}.Debug|Any CPU.ActiveCfg = Debug|Any CPU
		{992CCFD5-6D29-4696-A59E-DA148B16E312}.Debug|Any CPU.Build.0 = Debug|Any CPU
		{992CCFD5-6D29-4696-A59E-DA148B16E312}.Release|Any CPU.ActiveCfg = Release|Any CPU
		{992CCFD5-6D29-4696-A59E-DA148B16E312}.Release|Any CPU.Build.0 = Release|Any CPU
	EndGlobalSection
	GlobalSection(SolutionProperties) = preSolution
		HideSolutionNode = FALSE
	EndGlobalSection
	GlobalSection(ExtensibilityGlobals) = postSolution
		SolutionGuid = {F83C3F9B-6535-4460-8C10-578B6FBD8A0C}
	EndGlobalSection
EndGlobal
